
Microsoft Visual Studio Solution File, Format Version 12.00
# Visual Studio 14
VisualStudioVersion = 14.0.25420.1
MinimumVisualStudioVersion = 10.0.40219.1
Project("{911E67C6-3D85-4FCE-B560-20A9C3E3FF48}") = "MusicBee", "C:\Program Files (x86)\MusicBee\MusicBee.exe", "{2519A381-A8CA-4EED-807B-479AE92AB40B}"
	ProjectSection(DebuggerProjectSystem) = preProject
		PortSupplier = 00000000-0000-0000-0000-000000000000
		Executable = C:\Program Files (x86)\MusicBee\MusicBee.exe
		RemoteMachine = DESKTOP-DI9JC4P
		StartingDirectory = C:\Program Files (x86)\MusicBee
		Environment = Default
		LaunchingEngine = 00000000-0000-0000-0000-000000000000
		UseLegacyDebugEngines = No
		LaunchSQLEngine = No
		AttachLaunchAction = No
	EndProjectSection
EndProject
Project("{FAE04EC0-301F-11D3-BF4B-00C04F79EFBC}") = "MusicBeePlugin", "MusicBeeAllMusicPlugin\MusicBeePlugin.csproj", "{0C421647-C63E-4EDE-AC99-9B6F468E923C}"
EndProject
Project("{FAE04EC0-301F-11D3-BF4B-00C04F79EFBC}") = "AllMusicApi", "AllMusicApi\AllMusicApi.csproj", "{E74E5545-E514-4168-A577-8BA632DDAC34}"
EndProject
Project("{FAE04EC0-301F-11D3-BF4B-00C04F79EFBC}") = "PluginTests", "PluginTests\PluginTests.csproj", "{EC5BA94C-D880-42C6-8EDA-3598A88A34A7}"
EndProject
Project("{FAE04EC0-301F-11D3-BF4B-00C04F79EFBC}") = "MusicBeePlugin.Core", "MusicBeePlugin.Core\MusicBeePlugin.Core.csproj", "{65EEC067-F969-40CD-83CE-5863F5F8DD16}"
EndProject
Global
	GlobalSection(SolutionConfigurationPlatforms) = preSolution
		Debug|Any CPU = Debug|Any CPU
		Debug|x86 = Debug|x86
		Release|Any CPU = Release|Any CPU
		Release|x86 = Release|x86
	EndGlobalSection
	GlobalSection(ProjectConfigurationPlatforms) = postSolution
		{2519A381-A8CA-4EED-807B-479AE92AB40B}.Debug|Any CPU.ActiveCfg = Release|x86
		{2519A381-A8CA-4EED-807B-479AE92AB40B}.Debug|x86.ActiveCfg = Release|x86
		{2519A381-A8CA-4EED-807B-479AE92AB40B}.Release|Any CPU.ActiveCfg = Release|x86
		{2519A381-A8CA-4EED-807B-479AE92AB40B}.Release|x86.ActiveCfg = Release|x86
		{0C421647-C63E-4EDE-AC99-9B6F468E923C}.Debug|Any CPU.ActiveCfg = Debug|Any CPU
		{0C421647-C63E-4EDE-AC99-9B6F468E923C}.Debug|Any CPU.Build.0 = Debug|Any CPU
		{0C421647-C63E-4EDE-AC99-9B6F468E923C}.Debug|x86.ActiveCfg = Debug|Any CPU
		{0C421647-C63E-4EDE-AC99-9B6F468E923C}.Debug|x86.Build.0 = Debug|Any CPU
		{0C421647-C63E-4EDE-AC99-9B6F468E923C}.Release|Any CPU.ActiveCfg = Release|Any CPU
		{0C421647-C63E-4EDE-AC99-9B6F468E923C}.Release|Any CPU.Build.0 = Release|Any CPU
		{0C421647-C63E-4EDE-AC99-9B6F468E923C}.Release|x86.ActiveCfg = Release|Any CPU
		{0C421647-C63E-4EDE-AC99-9B6F468E923C}.Release|x86.Build.0 = Release|Any CPU
		{E74E5545-E514-4168-A577-8BA632DDAC34}.Debug|Any CPU.ActiveCfg = Debug|Any CPU
		{E74E5545-E514-4168-A577-8BA632DDAC34}.Debug|Any CPU.Build.0 = Debug|Any CPU
		{E74E5545-E514-4168-A577-8BA632DDAC34}.Debug|x86.ActiveCfg = Debug|Any CPU
		{E74E5545-E514-4168-A577-8BA632DDAC34}.Debug|x86.Build.0 = Debug|Any CPU
		{E74E5545-E514-4168-A577-8BA632DDAC34}.Release|Any CPU.ActiveCfg = Release|Any CPU
		{E74E5545-E514-4168-A577-8BA632DDAC34}.Release|Any CPU.Build.0 = Release|Any CPU
		{E74E5545-E514-4168-A577-8BA632DDAC34}.Release|x86.ActiveCfg = Release|Any CPU
		{E74E5545-E514-4168-A577-8BA632DDAC34}.Release|x86.Build.0 = Release|Any CPU
		{EC5BA94C-D880-42C6-8EDA-3598A88A34A7}.Debug|Any CPU.ActiveCfg = Debug|Any CPU
		{EC5BA94C-D880-42C6-8EDA-3598A88A34A7}.Debug|Any CPU.Build.0 = Debug|Any CPU
		{EC5BA94C-D880-42C6-8EDA-3598A88A34A7}.Debug|x86.ActiveCfg = Debug|Any CPU
		{EC5BA94C-D880-42C6-8EDA-3598A88A34A7}.Debug|x86.Build.0 = Debug|Any CPU
		{EC5BA94C-D880-42C6-8EDA-3598A88A34A7}.Release|Any CPU.ActiveCfg = Release|Any CPU
		{EC5BA94C-D880-42C6-8EDA-3598A88A34A7}.Release|Any CPU.Build.0 = Release|Any CPU
		{EC5BA94C-D880-42C6-8EDA-3598A88A34A7}.Release|x86.ActiveCfg = Release|Any CPU
		{EC5BA94C-D880-42C6-8EDA-3598A88A34A7}.Release|x86.Build.0 = Release|Any CPU
		{65EEC067-F969-40CD-83CE-5863F5F8DD16}.Debug|Any CPU.ActiveCfg = Debug|Any CPU
		{65EEC067-F969-40CD-83CE-5863F5F8DD16}.Debug|Any CPU.Build.0 = Debug|Any CPU
		{65EEC067-F969-40CD-83CE-5863F5F8DD16}.Debug|x86.ActiveCfg = Debug|Any CPU
		{65EEC067-F969-40CD-83CE-5863F5F8DD16}.Debug|x86.Build.0 = Debug|Any CPU
		{65EEC067-F969-40CD-83CE-5863F5F8DD16}.Release|Any CPU.ActiveCfg = Release|Any CPU
		{65EEC067-F969-40CD-83CE-5863F5F8DD16}.Release|Any CPU.Build.0 = Release|Any CPU
		{65EEC067-F969-40CD-83CE-5863F5F8DD16}.Release|x86.ActiveCfg = Release|Any CPU
		{65EEC067-F969-40CD-83CE-5863F5F8DD16}.Release|x86.Build.0 = Release|Any CPU
	EndGlobalSection
	GlobalSection(SolutionProperties) = preSolution
		HideSolutionNode = FALSE
	EndGlobalSection
EndGlobal
